
Microsoft Visual Studio Solution File, Format Version 12.00
# Visual Studio Version 17
VisualStudioVersion = 17.7.34031.279
MinimumVisualStudioVersion = 10.0.40219.1
Project("{9A19103F-16F7-4668-BE54-9A1E7A4F7556}") = "UnitTests", "tests\UnitTests\UnitTests.csproj", "{302C30C7-27E5-442D-A9E8-1490F0538DD8}"
EndProject
Project("{FAE04EC0-301F-11D3-BF4B-00C04F79EFBC}") = "Service", "src\Service\Service.csproj", "{976FE2AD-0B59-4D89-A38B-185011E3889C}"
EndProject
Global
	GlobalSection(SolutionConfigurationPlatforms) = preSolution
		Debug|Any CPU = Debug|Any CPU
		Release|Any CPU = Release|Any CPU
	EndGlobalSection
	GlobalSection(ProjectConfigurationPlatforms) = postSolution
		{302C30C7-27E5-442D-A9E8-1490F0538DD8}.Debug|Any CPU.ActiveCfg = Debug|Any CPU
		{302C30C7-27E5-442D-A9E8-1490F0538DD8}.Debug|Any CPU.Build.0 = Debug|Any CPU
		{302C30C7-27E5-442D-A9E8-1490F0538DD8}.Release|Any CPU.ActiveCfg = Release|Any CPU
		{302C30C7-27E5-442D-A9E8-1490F0538DD8}.Release|Any CPU.Build.0 = Release|Any CPU
		{976FE2AD-0B59-4D89-A38B-185011E3889C}.Debug|Any CPU.ActiveCfg = Debug|Any CPU
		{976FE2AD-0B59-4D89-A38B-185011E3889C}.Debug|Any CPU.Build.0 = Debug|Any CPU
		{976FE2AD-0B59-4D89-A38B-185011E3889C}.Release|Any CPU.ActiveCfg = Release|Any CPU
		{976FE2AD-0B59-4D89-A38B-185011E3889C}.Release|Any CPU.Build.0 = Release|Any CPU
	EndGlobalSection
	GlobalSection(SolutionProperties) = preSolution
		HideSolutionNode = FALSE
	EndGlobalSection
	GlobalSection(ExtensibilityGlobals) = postSolution
		SolutionGuid = {FCEF05E2-38AF-4BE7-9948-57A2F77F32DB}
	EndGlobalSection
EndGlobal
